Microsoft Visual Studio Solution File, Format Version 12.00
# Visual Studio Version 17
VisualStudioVersion = 17.12.35506.116
MinimumVisualStudioVersion = 10.0.40219.1
Project("{FAE04EC0-301F-11D3-BF4B-00C04F79EFBC}") = "CloserShop.Api", "CloserShop.Api\CloserShop.Api.csproj", "{22DC92C2-FEF0-4BAF-BBC3-C8B4AB1513BF}"
EndProject
Project("{FAE04EC0-301F-11D3-BF4B-00C04F79EFBC}") = "CloserShop.Api.Tests.Unit", "CloserShop.Api.Tests.Unit\CloserShop.Api.Tests.Unit.csproj", "{5BF41F84-965F-48F2-8701-98847B68E87C}"
EndProject
Project("{FAE04EC0-301F-11D3-BF4B-00C04F79EFBC}") = "CloserShop.Api.Tests.Acceptance", "CloserShop.Api.Tests.Acceptance\CloserShop.Api.Tests.Acceptance.csproj", "{FDCB12E4-E072-4806-8DB9-3261E1B47DE2}"
EndProject
Project("{FAE04EC0-301F-11D3-BF4B-00C04F79EFBC}") = "CloserShop.Api.Infrastructure.Build", "CloserShop.Api.Infrastructure.Build\CloserShop.Api.Infrastructure.Build.csproj", "{A0C20AE0-3973-4A8C-87CF-A0A5ABB977F0}"
EndProject
Global
	GlobalSection(SolutionConfigurationPlatforms) = preSolution
		Debug|Any CPU = Debug|Any CPU
		Release|Any CPU = Release|Any CPU
	EndGlobalSection
	GlobalSection(ProjectConfigurationPlatforms) = postSolution
		{22DC92C2-FEF0-4BAF-BBC3-C8B4AB1513BF}.Debug|Any CPU.ActiveCfg = Debug|Any CPU
		{22DC92C2-FEF0-4BAF-BBC3-C8B4AB1513BF}.Debug|Any CPU.Build.0 = Debug|Any CPU
		{22DC92C2-FEF0-4BAF-BBC3-C8B4AB1513BF}.Release|Any CPU.ActiveCfg = Release|Any CPU
		{22DC92C2-FEF0-4BAF-BBC3-C8B4AB1513BF}.Release|Any CPU.Build.0 = Release|Any CPU
		{5BF41F84-965F-48F2-8701-98847B68E87C}.Debug|Any CPU.ActiveCfg = Debug|Any CPU
		{5BF41F84-965F-48F2-8701-98847B68E87C}.Debug|Any CPU.Build.0 = Debug|Any CPU
		{5BF41F84-965F-48F2-8701-98847B68E87C}.Release|Any CPU.ActiveCfg = Release|Any CPU
		{5BF41F84-965F-48F2-8701-98847B68E87C}.Release|Any CPU.Build.0 = Release|Any CPU
		{FDCB12E4-E072-4806-8DB9-3261E1B47DE2}.Debug|Any CPU.ActiveCfg = Debug|Any CPU
		{FDCB12E4-E072-4806-8DB9-3261E1B47DE2}.Debug|Any CPU.Build.0 = Debug|Any CPU
		{FDCB12E4-E072-4806-8DB9-3261E1B47DE2}.Release|Any CPU.ActiveCfg = Release|Any CPU
		{FDCB12E4-E072-4806-8DB9-3261E1B47DE2}.Release|Any CPU.Build.0 = Release|Any CPU
		{A0C20AE0-3973-4A8C-87CF-A0A5ABB977F0}.Debug|Any CPU.ActiveCfg = Debug|Any CPU
		{A0C20AE0-3973-4A8C-87CF-A0A5ABB977F0}.Debug|Any CPU.Build.0 = Debug|Any CPU
		{A0C20AE0-3973-4A8C-87CF-A0A5ABB977F0}.Release|Any CPU.ActiveCfg = Release|Any CPU
		{A0C20AE0-3973-4A8C-87CF-A0A5ABB977F0}.Release|Any CPU.Build.0 = Release|Any CPU
	EndGlobalSection
	GlobalSection(SolutionProperties) = preSolution
		HideSolutionNode = FALSE
	EndGlobalSection
EndGlobal
